// !$*UTF8*$!
{
	archiveVersion = 1;
	classes = {
	};
	objectVersion = 50;
	objects = {

/* Begin PBXBuildFile section */
		3C1692932149FA27004481B0 /* MapKit.framework in Frameworks */ = {isa = PBXBuildFile; fileRef = 3C1692922149FA27004481B0 /* MapKit.framework */; };
		3C169295214A01CC004481B0 /* MapViewController.swift in Sources */ = {isa = PBXBuildFile; fileRef = 3C169294214A01CC004481B0 /* MapViewController.swift */; };
		3C5A390C213676DE00492EDE /* AppDelegate.swift in Sources */ = {isa = PBXBuildFile; fileRef = 3C5A390B213676DE00492EDE /* AppDelegate.swift */; };
		3C5A390E213676DE00492EDE /* CurrentLocationViewController.swift in Sources */ = {isa = PBXBuildFile; fileRef = 3C5A390D213676DE00492EDE /* CurrentLocationViewController.swift */; };
		3C5A3913213676DE00492EDE /* Main.storyboard in Resources */ = {isa = PBXBuildFile; fileRef = 3C5A3911213676DE00492EDE /* Main.storyboard */; };
		3CA4F363213E700600909854 /* CategoryPickerViewController.swift in Sources */ = {isa = PBXBuildFile; fileRef = 3CA4F362213E700600909854 /* CategoryPickerViewController.swift */; };
		3CA4F365213EBD5F00909854 /* HudView.swift in Sources */ = {isa = PBXBuildFile; fileRef = 3CA4F364213EBD5F00909854 /* HudView.swift */; };
		3CA4F367213F637D00909854 /* Assets.xcassets in Resources */ = {isa = PBXBuildFile; fileRef = 3CA4F366213F637D00909854 /* Assets.xcassets */; };
		3CA4F36921421B0A00909854 /* Functions.swift in Sources */ = {isa = PBXBuildFile; fileRef = 3CA4F36821421B0A00909854 /* Functions.swift */; };
		3CA4F36C214267A900909854 /* DataModel.xcdatamodeld in Sources */ = {isa = PBXBuildFile; fileRef = 3CA4F36A214267A900909854 /* DataModel.xcdatamodeld */; };
		3CA4F36F21435AD200909854 /* Location+CoreDataClass.swift in Sources */ = {isa = PBXBuildFile; fileRef = 3CA4F36D21435AD200909854 /* Location+CoreDataClass.swift */; };
		3CA4F37021435AD200909854 /* Location+CoreDataProperties.swift in Sources */ = {isa = PBXBuildFile; fileRef = 3CA4F36E21435AD200909854 /* Location+CoreDataProperties.swift */; };
		3CA4F37221460C7F00909854 /* LocationsViewController.swift in Sources */ = {isa = PBXBuildFile; fileRef = 3CA4F37121460C7F00909854 /* LocationsViewController.swift */; };
		3CA4F3742146515B00909854 /* LocationCell.swift in Sources */ = {isa = PBXBuildFile; fileRef = 3CA4F3732146515B00909854 /* LocationCell.swift */; };
		3CB5579321B2DBA7009B6012 /* Sound in Resources */ = {isa = PBXBuildFile; fileRef = 3CB5579221B2DBA7009B6012 /* Sound */; };
		3CE49FD8213D56D80038C4C3 /* LocationDetailsViewController.swift in Sources */ = {isa = PBXBuildFile; fileRef = 3CE49FD7213D56D80038C4C3 /* LocationDetailsViewController.swift */; };
		3CEEE22C21B0052500463D4F /* UIImage+Resize.swift in Sources */ = {isa = PBXBuildFile; fileRef = 3CEEE22B21B0052500463D4F /* UIImage+Resize.swift */; };
		3CEEE22E21B0112000463D4F /* String+AddText.swift in Sources */ = {isa = PBXBuildFile; fileRef = 3CEEE22D21B0112000463D4F /* String+AddText.swift */; };
		3CEEE23021B026A300463D4F /* MyTabBarController.swift in Sources */ = {isa = PBXBuildFile; fileRef = 3CEEE22F21B026A300463D4F /* MyTabBarController.swift */; };
		3CEEE23221B0292200463D4F /* MyImagePickerController.swift in Sources */ = {isa = PBXBuildFile; fileRef = 3CEEE23121B0292200463D4F /* MyImagePickerController.swift */; };
/* End PBXBuildFile section */

/* Begin PBXFileReference section */
		3C1692922149FA27004481B0 /* MapKit.framework */ = {isa = PBXFileReference; lastKnownFileType = wrapper.framework; name = MapKit.framework; path = System/Library/Frameworks/MapKit.framework; sourceTree = SDKROOT; };
		3C169294214A01CC004481B0 /* MapViewController.swift */ = {isa = PBXFileReference; lastKnownFileType = sourcecode.swift; path = MapViewController.swift; sourceTree = "<group>"; };
		3C5A3908213676DE00492EDE /* MyLocations.app */ = {isa = PBXFileReference; explicitFileType = wrapper.application; includeInIndex = 0; path = MyLocations.app; sourceTree = BUILT_PRODUCTS_DIR; };
		3C5A390B213676DE00492EDE /* AppDelegate.swift */ = {isa = PBXFileReference; lastKnownFileType = sourcecode.swift; path = AppDelegate.swift; sourceTree = "<group>"; };
		3C5A390D213676DE00492EDE /* CurrentLocationViewController.swift */ = {isa = PBXFileReference; lastKnownFileType = sourcecode.swift; path = CurrentLocationViewController.swift; sourceTree = "<group>"; };
		3C5A3912213676DE00492EDE /* Base */ = {isa = PBXFileReference; lastKnownFileType = file.storyboard; name = Base; path = Base.lproj/Main.storyboard; sourceTree = "<group>"; };
		3C5A3919213676DF00492EDE /* Info.plist */ = {isa = PBXFileReference; lastKnownFileType = text.plist.xml; path = Info.plist; sourceTree = "<group>"; };
		3CA4F362213E700600909854 /* CategoryPickerViewController.swift */ = {isa = PBXFileReference; lastKnownFileType = sourcecode.swift; path = CategoryPickerViewController.swift; sourceTree = "<group>"; };
		3CA4F364213EBD5F00909854 /* HudView.swift */ = {isa = PBXFileReference; lastKnownFileType = sourcecode.swift; path = HudView.swift; sourceTree = "<group>"; };
		3CA4F366213F637D00909854 /* Assets.xcassets */ = {isa = PBXFileReference; lastKnownFileType = folder.assetcatalog; path = Assets.xcassets; sourceTree = "<group>"; };
		3CA4F36821421B0A00909854 /* Functions.swift */ = {isa = PBXFileReference; lastKnownFileType = sourcecode.swift; path = Functions.swift; sourceTree = "<group>"; };
		3CA4F36B214267A900909854 /* DataModel.xcdatamodel */ = {isa = PBXFileReference; lastKnownFileType = wrapper.xcdatamodel; path = DataModel.xcdatamodel; sourceTree = "<group>"; };
		3CA4F36D21435AD200909854 /* Location+CoreDataClass.swift */ = {isa = PBXFileReference; lastKnownFileType = sourcecode.swift; path = "Location+CoreDataClass.swift"; sourceTree = "<group>"; };
		3CA4F36E21435AD200909854 /* Location+CoreDataProperties.swift */ = {isa = PBXFileReference; lastKnownFileType = sourcecode.swift; path = "Location+CoreDataProperties.swift"; sourceTree = "<group>"; };
		3CA4F37121460C7F00909854 /* LocationsViewController.swift */ = {isa = PBXFileReference; lastKnownFileType = sourcecode.swift; path = LocationsViewController.swift; sourceTree = "<group>"; };
		3CA4F3732146515B00909854 /* LocationCell.swift */ = {isa = PBXFileReference; lastKnownFileType = sourcecode.swift; path = LocationCell.swift; sourceTree = "<group>"; };
		3CB5579221B2DBA7009B6012 /* Sound */ = {isa = PBXFileReference; lastKnownFileType = folder; path = Sound; sourceTree = "<group>"; };
		3CE49FD7213D56D80038C4C3 /* LocationDetailsViewController.swift */ = {isa = PBXFileReference; lastKnownFileType = sourcecode.swift; path = LocationDetailsViewController.swift; sourceTree = "<group>"; };
		3CEEE22B21B0052500463D4F /* UIImage+Resize.swift */ = {isa = PBXFileReference; lastKnownFileType = sourcecode.swift; path = "UIImage+Resize.swift"; sourceTree = "<group>"; };
		3CEEE22D21B0112000463D4F /* String+AddText.swift */ = {isa = PBXFileReference; lastKnownFileType = sourcecode.swift; path = "String+AddText.swift"; sourceTree = "<group>"; };
		3CEEE22F21B026A300463D4F /* MyTabBarController.swift */ = {isa = PBXFileReference; lastKnownFileType = sourcecode.swift; path = MyTabBarController.swift; sourceTree = "<group>"; };
		3CEEE23121B0292200463D4F /* MyImagePickerController.swift */ = {isa = PBXFileReference; lastKnownFileType = sourcecode.swift; path = MyImagePickerController.swift; sourceTree = "<group>"; };
/* End PBXFileReference section */

/* Begin PBXFrameworksBuildPhase section */
		3C5A3905213676DE00492EDE /* Frameworks */ = {
			isa = PBXFrameworksBuildPhase;
			buildActionMask = 2147483647;
			files = (
				3C1692932149FA27004481B0 /* MapKit.framework in Frameworks */,
			);
			runOnlyForDeploymentPostprocessing = 0;
		};
/* End PBXFrameworksBuildPhase section */

/* Begin PBXGroup section */
		3C1692912149FA27004481B0 /* Frameworks */ = {
			isa = PBXGroup;
			children = (
				3C1692922149FA27004481B0 /* MapKit.framework */,
			);
			name = Frameworks;
			sourceTree = "<group>";
		};
		3C5A38FF213676DE00492EDE = {
			isa = PBXGroup;
			children = (
				3CA4F36D21435AD200909854 /* Location+CoreDataClass.swift */,
				3CA4F36E21435AD200909854 /* Location+CoreDataProperties.swift */,
				3C5A390A213676DE00492EDE /* MyLocations */,
				3C5A3909213676DE00492EDE /* Products */,
				3C1692912149FA27004481B0 /* Frameworks */,
			);
			sourceTree = "<group>";
		};
		3C5A3909213676DE00492EDE /* Products */ = {
			isa = PBXGroup;
			children = (
				3C5A3908213676DE00492EDE /* MyLocations.app */,
			);
			name = Products;
			sourceTree = "<group>";
		};
		3C5A390A213676DE00492EDE /* MyLocations */ = {
			isa = PBXGroup;
			children = (
				3CB5579221B2DBA7009B6012 /* Sound */,
				3C5A390B213676DE00492EDE /* AppDelegate.swift */,
				3CA4F366213F637D00909854 /* Assets.xcassets */,
				3CA4F362213E700600909854 /* CategoryPickerViewController.swift */,
				3C5A390D213676DE00492EDE /* CurrentLocationViewController.swift */,
				3CA4F36A214267A900909854 /* DataModel.xcdatamodeld */,
				3CA4F36821421B0A00909854 /* Functions.swift */,
				3CA4F364213EBD5F00909854 /* HudView.swift */,
				3C5A3919213676DF00492EDE /* Info.plist */,
				3CE49FD7213D56D80038C4C3 /* LocationDetailsViewController.swift */,
				3C5A3911213676DE00492EDE /* Main.storyboard */,
				3CA4F37121460C7F00909854 /* LocationsViewController.swift */,
				3CA4F3732146515B00909854 /* LocationCell.swift */,
				3C169294214A01CC004481B0 /* MapViewController.swift */,
				3CEEE22B21B0052500463D4F /* UIImage+Resize.swift */,
				3CEEE22D21B0112000463D4F /* String+AddText.swift */,
				3CEEE22F21B026A300463D4F /* MyTabBarController.swift */,
				3CEEE23121B0292200463D4F /* MyImagePickerController.swift */,
			);
			path = MyLocations;
			sourceTree = "<group>";
		};
/* End PBXGroup section */

/* Begin PBXNativeTarget section */
		3C5A3907213676DE00492EDE /* MyLocations */ = {
			isa = PBXNativeTarget;
			buildConfigurationList = 3C5A391C213676DF00492EDE /* Build configuration list for PBXNativeTarget "MyLocations" */;
			buildPhases = (
				3C5A3904213676DE00492EDE /* Sources */,
				3C5A3905213676DE00492EDE /* Frameworks */,
				3C5A3906213676DE00492EDE /* Resources */,
			);
			buildRules = (
			);
			dependencies = (
			);
			name = MyLocations;
			productName = MyLocations;
			productReference = 3C5A3908213676DE00492EDE /* MyLocations.app */;
			productType = "com.apple.product-type.application";
		};
/* End PBXNativeTarget section */

/* Begin PBXProject section */
		3C5A3900213676DE00492EDE /* Project object */ = {
			isa = PBXProject;
			attributes = {
				LastSwiftUpdateCheck = 0940;
				LastUpgradeCheck = 0940;
				ORGANIZATIONNAME = potatosoft.co.ltd;
				TargetAttributes = {
					3C5A3907213676DE00492EDE = {
						CreatedOnToolsVersion = 9.4.1;
						LastSwiftMigration = 1000;
						SystemCapabilities = {
							com.apple.Maps.iOS = {
								enabled = 1;
							};
						};
					};
				};
			};
			buildConfigurationList = 3C5A3903213676DE00492EDE /* Build configuration list for PBXProject "MyLocations" */;
			compatibilityVersion = "Xcode 9.3";
			developmentRegion = en;
			hasScannedForEncodings = 0;
			knownRegions = (
				en,
				Base,
			);
			mainGroup = 3C5A38FF213676DE00492EDE;
			productRefGroup = 3C5A3909213676DE00492EDE /* Products */;
			projectDirPath = "";
			projectRoot = "";
			targets = (
				3C5A3907213676DE00492EDE /* MyLocations */,
			);
		};
/* End PBXProject section */

/* Begin PBXResourcesBuildPhase section */
		3C5A3906213676DE00492EDE /* Resources */ = {
			isa = PBXResourcesBuildPhase;
			buildActionMask = 2147483647;
			files = (
				3CA4F367213F637D00909854 /* Assets.xcassets in Resources */,
				3CB5579321B2DBA7009B6012 /* Sound in Resources */,
				3C5A3913213676DE00492EDE /* Main.storyboard in Resources */,
			);
			runOnlyForDeploymentPostprocessing = 0;
		};
/* End PBXResourcesBuildPhase section */

/* Begin PBXSourcesBuildPhase section */
		3C5A3904213676DE00492EDE /* Sources */ = {
			isa = PBXSourcesBuildPhase;
			buildActionMask = 2147483647;
			files = (
				3CE49FD8213D56D80038C4C3 /* LocationDetailsViewController.swift in Sources */,
				3CA4F36C214267A900909854 /* DataModel.xcdatamodeld in Sources */,
				3CA4F365213EBD5F00909854 /* HudView.swift in Sources */,
				3CEEE23221B0292200463D4F /* MyImagePickerController.swift in Sources */,
				3CA4F37221460C7F00909854 /* LocationsViewController.swift in Sources */,
				3CA4F37021435AD200909854 /* Location+CoreDataProperties.swift in Sources */,
				3CEEE22C21B0052500463D4F /* UIImage+Resize.swift in Sources */,
				3CA4F3742146515B00909854 /* LocationCell.swift in Sources */,
				3CA4F36921421B0A00909854 /* Functions.swift in Sources */,
				3C169295214A01CC004481B0 /* MapViewController.swift in Sources */,
				3CEEE22E21B0112000463D4F /* String+AddText.swift in Sources */,
				3C5A390C213676DE00492EDE /* AppDelegate.swift in Sources */,
				3CA4F36F21435AD200909854 /* Location+CoreDataClass.swift in Sources */,
				3CA4F363213E700600909854 /* CategoryPickerViewController.swift in Sources */,
				3C5A390E213676DE00492EDE /* CurrentLocationViewController.swift in Sources */,
				3CEEE23021B026A300463D4F /* MyTabBarController.swift in Sources */,
			);
			runOnlyForDeploymentPostprocessing = 0;
		};
/* End PBXSourcesBuildPhase section */

/* Begin PBXVariantGroup section */
		3C5A3911213676DE00492EDE /* Main.storyboard */ = {
			isa = PBXVariantGroup;
			children = (
				3C5A3912213676DE00492EDE /* Base */,
			);
			name = Main.storyboard;
			sourceTree = "<group>";
		};
/* End PBXVariantGroup section */

/* Begin XCBuildConfiguration section */
		3C5A391A213676DF00492EDE /* Debug */ = {
			isa = XCBuildConfiguration;
			buildSettings = {
				ALWAYS_SEARCH_USER_PATHS = NO;
				CLANG_ANALYZER_NONNULL = YES;
				CLANG_ANALYZER_NUMBER_OBJECT_CONVERSION = YES_AGGRESSIVE;
				CLANG_CXX_LANGUAGE_STANDARD = "gnu++14";
				CLANG_CXX_LIBRARY = "libc++";
				CLANG_ENABLE_MODULES = YES;
				CLANG_ENABLE_OBJC_ARC = YES;
				CLANG_ENABLE_OBJC_WEAK = YES;
				CLANG_WARN_BLOCK_CAPTURE_AUTORELEASING = YES;
				CLANG_WARN_BOOL_CONVERSION = YES;
				CLANG_WARN_COMMA = YES;
				CLANG_WARN_CONSTANT_CONVERSION = YES;
				CLANG_WARN_DEPRECATED_OBJC_IMPLEMENTATIONS = YES;
				CLANG_WARN_DIRECT_OBJC_ISA_USAGE = YES_ERROR;
				CLANG_WARN_DOCUMENTATION_COMMENTS = YES;
				CLANG_WARN_EMPTY_BODY = YES;
				CLANG_WARN_ENUM_CONVERSION = YES;
				CLANG_WARN_INFINITE_RECURSION = YES;
				CLANG_WARN_INT_CONVERSION = YES;
				CLANG_WARN_NON_LITERAL_NULL_CONVERSION = YES;
				CLANG_WARN_OBJC_IMPLICIT_RETAIN_SELF = YES;
				CLANG_WARN_OBJC_LITERAL_CONVERSION = YES;
				CLANG_WARN_OBJC_ROOT_CLASS = YES_ERROR;
				CLANG_WARN_RANGE_LOOP_ANALYSIS = YES;
				CLANG_WARN_STRICT_PROTOTYPES = YES;
				CLANG_WARN_SUSPICIOUS_MOVE = YES;
				CLANG_WARN_UNGUARDED_AVAILABILITY = YES_AGGRESSIVE;
				CLANG_WARN_UNREACHABLE_CODE = YES;
				CLANG_WARN__DUPLICATE_METHOD_MATCH = YES;
				CODE_SIGN_IDENTITY = "iPhone Developer";
				COPY_PHASE_STRIP = NO;
				DEBUG_INFORMATION_FORMAT = dwarf;
				ENABLE_STRICT_OBJC_MSGSEND = YES;
				ENABLE_TESTABILITY = YES;
				GCC_C_LANGUAGE_STANDARD = gnu11;
				GCC_DYNAMIC_NO_PIC = NO;
				GCC_NO_COMMON_BLOCKS = YES;
				GCC_OPTIMIZATION_LEVEL = 0;
				GCC_PREPROCESSOR_DEFINITIONS = (
					"DEBUG=1",
					"$(inherited)",
				);
				GCC_WARN_64_TO_32_BIT_CONVERSION = YES;
				GCC_WARN_ABOUT_RETURN_TYPE = YES_ERROR;
				GCC_WARN_UNDECLARED_SELECTOR = YES;
				GCC_WARN_UNINITIALIZED_AUTOS = YES_AGGRESSIVE;
				GCC_WARN_UNUSED_FUNCTION = YES;
				GCC_WARN_UNUSED_VARIABLE = YES;
				IPHONEOS_DEPLOYMENT_TARGET = 11.4;
				MTL_ENABLE_DEBUG_INFO = YES;
				ONLY_ACTIVE_ARCH = YES;
				SDKROOT = iphoneos;
				SWIFT_ACTIVE_COMPILATION_CONDITIONS = DEBUG;
				SWIFT_OPTIMIZATION_LEVEL = "-Onone";
			};
			name = Debug;
		};
		3C5A391B213676DF00492EDE /* Release */ = {
			isa = XCBuildConfiguration;
			buildSettings = {
				ALWAYS_SEARCH_USER_PATHS = NO;
				CLANG_ANALYZER_NONNULL = YES;
				CLANG_ANALYZER_NUMBER_OBJECT_CONVERSION = YES_AGGRESSIVE;
				CLANG_CXX_LANGUAGE_STANDARD = "gnu++14";
				CLANG_CXX_LIBRARY = "libc++";
				CLANG_ENABLE_MODULES = YES;
				CLANG_ENABLE_OBJC_ARC = YES;
				CLANG_ENABLE_OBJC_WEAK = YES;
				CLANG_WARN_BLOCK_CAPTURE_AUTORELEASING = YES;
				CLANG_WARN_BOOL_CONVERSION = YES;
				CLANG_WARN_COMMA = YES;
				CLANG_WARN_CONSTANT_CONVERSION = YES;
				CLANG_WARN_DEPRECATED_OBJC_IMPLEMENTATIONS = YES;
				CLANG_WARN_DIRECT_OBJC_ISA_USAGE = YES_ERROR;
				CLANG_WARN_DOCUMENTATION_COMMENTS = YES;
				CLANG_WARN_EMPTY_BODY = YES;
				CLANG_WARN_ENUM_CONVERSION = YES;
				CLANG_WARN_INFINITE_RECURSION = YES;
				CLANG_WARN_INT_CONVERSION = YES;
				CLANG_WARN_NON_LITERAL_NULL_CONVERSION = YES;
				CLANG_WARN_OBJC_IMPLICIT_RETAIN_SELF = YES;
				CLANG_WARN_OBJC_LITERAL_CONVERSION = YES;
				CLANG_WARN_OBJC_ROOT_CLASS = YES_ERROR;
				CLANG_WARN_RANGE_LOOP_ANALYSIS = YES;
				CLANG_WARN_STRICT_PROTOTYPES = YES;
				CLANG_WARN_SUSPICIOUS_MOVE = YES;
				CLANG_WARN_UNGUARDED_AVAILABILITY = YES_AGGRESSIVE;
				CLANG_WARN_UNREACHABLE_CODE = YES;
				CLANG_WARN__DUPLICATE_METHOD_MATCH = YES;
				CODE_SIGN_IDENTITY = "iPhone Developer";
				COPY_PHASE_STRIP = NO;
				DEBUG_INFORMATION_FORMAT = "dwarf-with-dsym";
				ENABLE_NS_ASSERTIONS = NO;
				ENABLE_STRICT_OBJC_MSGSEND = YES;
				GCC_C_LANGUAGE_STANDARD = gnu11;
				GCC_NO_COMMON_BLOCKS = YES;
				GCC_WARN_64_TO_32_BIT_CONVERSION = YES;
				GCC_WARN_ABOUT_RETURN_TYPE = YES_ERROR;
				GCC_WARN_UNDECLARED_SELECTOR = YES;
				GCC_WARN_UNINITIALIZED_AUTOS = YES_AGGRESSIVE;
				GCC_WARN_UNUSED_FUNCTION = YES;
				GCC_WARN_UNUSED_VARIABLE = YES;
				IPHONEOS_DEPLOYMENT_TARGET = 11.4;
				MTL_ENABLE_DEBUG_INFO = NO;
				SDKROOT = iphoneos;
				SWIFT_COMPILATION_MODE = wholemodule;
				SWIFT_OPTIMIZATION_LEVEL = "-O";
				VALIDATE_PRODUCT = YES;
			};
			name = Release;
		};
		3C5A391D213676DF00492EDE /* Debug */ = {
			isa = XCBuildConfiguration;
			buildSettings = {
				ASSETCATALOG_COMPILER_APPICON_NAME = AppIcon;
				ASSETCATALOG_COMPILER_LAUNCHIMAGE_NAME = LaunchImage;
				CODE_SIGN_STYLE = Automatic;
				DEVELOPMENT_TEAM = 5GMJPAA66P;
				INFOPLIST_FILE = MyLocations/Info.plist;
				LD_RUNPATH_SEARCH_PATHS = (
					"$(inherited)",
					"@executable_path/Frameworks",
				);
				PRODUCT_BUNDLE_IDENTIFIER = ten.tfosotatop.MyLocations;
				PRODUCT_NAME = "$(TARGET_NAME)";
				SWIFT_VERSION = 4.2;
				TARGETED_DEVICE_FAMILY = "1,2";
			};
			name = Debug;
		};
		3C5A391E213676DF00492EDE /* Release */ = {
			isa = XCBuildConfiguration;
			buildSettings = {
				ASSETCATALOG_COMPILER_APPICON_NAME = AppIcon;
				ASSETCATALOG_COMPILER_LAUNCHIMAGE_NAME = LaunchImage;
				CODE_SIGN_STYLE = Automatic;
				DEVELOPMENT_TEAM = 5GMJPAA66P;
				INFOPLIST_FILE = MyLocations/Info.plist;
				LD_RUNPATH_SEARCH_PATHS = (
					"$(inherited)",
					"@executable_path/Frameworks",
				);
				PRODUCT_BUNDLE_IDENTIFIER = ten.tfosotatop.MyLocations;
				PRODUCT_NAME = "$(TARGET_NAME)";
				SWIFT_VERSION = 4.2;
				TARGETED_DEVICE_FAMILY = "1,2";
			};
			name = Release;
		};
/* End XCBuildConfiguration section */

/* Begin XCConfigurationList section */
		3C5A3903213676DE00492EDE /* Build configuration list for PBXProject "MyLocations" */ = {
			isa = XCConfigurationList;
			buildConfigurations = (
				3C5A391A213676DF00492EDE /* Debug */,
				3C5A391B213676DF00492EDE /* Release */,
			);
			defaultConfigurationIsVisible = 0;
			defaultConfigurationName = Release;
		};
		3C5A391C213676DF00492EDE /* Build configuration list for PBXNativeTarget "MyLocations" */ = {
			isa = XCConfigurationList;
			buildConfigurations = (
				3C5A391D213676DF00492EDE /* Debug */,
				3C5A391E213676DF00492EDE /* Release */,
			);
			defaultConfigurationIsVisible = 0;
			defaultConfigurationName = Release;
		};
/* End XCConfigurationList section */

/* Begin XCVersionGroup section */
		3CA4F36A214267A900909854 /* DataModel.xcdatamodeld */ = {
			isa = XCVersionGroup;
			children = (
				3CA4F36B214267A900909854 /* DataModel.xcdatamodel */,
			);
			currentVersion = 3CA4F36B214267A900909854 /* DataModel.xcdatamodel */;
			path = DataModel.xcdatamodeld;
			sourceTree = "<group>";
			versionGroupType = wrapper.xcdatamodel;
		};
/* End XCVersionGroup section */
	};
	rootObject = 3C5A3900213676DE00492EDE /* Project object */;
}
